
Microsoft Visual Studio Solution File, Format Version 12.00
# Visual Studio Version 17
VisualStudioVersion = 17.13.35931.197
MinimumVisualStudioVersion = 10.0.40219.1
Project("{FAE04EC0-301F-11D3-BF4B-00C04F79EFBC}") = "LuaInstaller", "LuaInstaller\LuaInstaller.csproj", "{6E44941C-E8A5-4D4E-973E-DB4DF1A5E067}"
EndProject
Project("{FAE04EC0-301F-11D3-BF4B-00C04F79EFBC}") = "LuaInstaller.Console", "LuaInstaller.Console\LuaInstaller.Console.csproj", "{B4D9A163-9B06-4772-94E4-2E951DA21569}"
EndProject
Project("{FAE04EC0-301F-11D3-BF4B-00C04F79EFBC}") = "LuaInstaller.Core", "LuaInstaller.Core\LuaInstaller.Core.csproj", "{2E7976DC-3027-41FB-9323-819635A4DFAF}"
EndProject
Global
	GlobalSection(SolutionConfigurationPlatforms) = preSolution
		Debug|x86 = Debug|x86
		Debug|x64 = Debug|x64
		Debug|ARM64 = Debug|ARM64
		Release|x86 = Release|x86
		Release|x64 = Release|x64
		Release|ARM64 = Release|ARM64
	EndGlobalSection
	GlobalSection(ProjectConfigurationPlatforms) = postSolution
		{6E44941C-E8A5-4D4E-973E-DB4DF1A5E067}.Debug|x86.ActiveCfg = Debug|x86
		{6E44941C-E8A5-4D4E-973E-DB4DF1A5E067}.Debug|x86.Build.0 = Debug|x86
		{6E44941C-E8A5-4D4E-973E-DB4DF1A5E067}.Debug|x64.ActiveCfg = Debug|x64
		{6E44941C-E8A5-4D4E-973E-DB4DF1A5E067}.Debug|x64.Build.0 = Debug|x64
		{6E44941C-E8A5-4D4E-973E-DB4DF1A5E067}.Debug|ARM64.ActiveCfg = Debug|ARM64
		{6E44941C-E8A5-4D4E-973E-DB4DF1A5E067}.Debug|ARM64.Build.0 = Debug|ARM64
		{6E44941C-E8A5-4D4E-973E-DB4DF1A5E067}.Release|x86.ActiveCfg = Release|x86
		{6E44941C-E8A5-4D4E-973E-DB4DF1A5E067}.Release|x86.Build.0 = Release|x86
		{6E44941C-E8A5-4D4E-973E-DB4DF1A5E067}.Release|x64.ActiveCfg = Release|x64
		{6E44941C-E8A5-4D4E-973E-DB4DF1A5E067}.Release|x64.Build.0 = Release|x64
		{6E44941C-E8A5-4D4E-973E-DB4DF1A5E067}.Release|ARM64.ActiveCfg = Release|ARM64
		{6E44941C-E8A5-4D4E-973E-DB4DF1A5E067}.Release|ARM64.Build.0 = Release|ARM64
		{B4D9A163-9B06-4772-94E4-2E951DA21569}.Debug|x86.ActiveCfg = Debug|x86
		{B4D9A163-9B06-4772-94E4-2E951DA21569}.Debug|x86.Build.0 = Debug|x86
		{B4D9A163-9B06-4772-94E4-2E951DA21569}.Debug|x64.ActiveCfg = Debug|x64
		{B4D9A163-9B06-4772-94E4-2E951DA21569}.Debug|x64.Build.0 = Debug|x64
		{B4D9A163-9B06-4772-94E4-2E951DA21569}.Debug|ARM64.ActiveCfg = Debug|ARM64
		{B4D9A163-9B06-4772-94E4-2E951DA21569}.Debug|ARM64.Build.0 = Debug|ARM64
		{B4D9A163-9B06-4772-94E4-2E951DA21569}.Release|x86.ActiveCfg = Release|x86
		{B4D9A163-9B06-4772-94E4-2E951DA21569}.Release|x86.Build.0 = Release|x86
		{B4D9A163-9B06-4772-94E4-2E951DA21569}.Release|x64.ActiveCfg = Release|x64
		{B4D9A163-9B06-4772-94E4-2E951DA21569}.Release|x64.Build.0 = Release|x64
		{B4D9A163-9B06-4772-94E4-2E951DA21569}.Release|ARM64.ActiveCfg = Release|ARM64
		{B4D9A163-9B06-4772-94E4-2E951DA21569}.Release|ARM64.Build.0 = Release|ARM64
		{2E7976DC-3027-41FB-9323-819635A4DFAF}.Debug|x86.ActiveCfg = Debug|x86
		{2E7976DC-3027-41FB-9323-819635A4DFAF}.Debug|x86.Build.0 = Debug|x86
		{2E7976DC-3027-41FB-9323-819635A4DFAF}.Debug|x64.ActiveCfg = Debug|x64
		{2E7976DC-3027-41FB-9323-819635A4DFAF}.Debug|x64.Build.0 = Debug|x64
		{2E7976DC-3027-41FB-9323-819635A4DFAF}.Debug|ARM64.ActiveCfg = Debug|ARM64
		{2E7976DC-3027-41FB-9323-819635A4DFAF}.Debug|ARM64.Build.0 = Debug|ARM64
		{2E7976DC-3027-41FB-9323-819635A4DFAF}.Release|x86.ActiveCfg = Release|x86
		{2E7976DC-3027-41FB-9323-819635A4DFAF}.Release|x86.Build.0 = Release|x86
		{2E7976DC-3027-41FB-9323-819635A4DFAF}.Release|x64.ActiveCfg = Release|x64
		{2E7976DC-3027-41FB-9323-819635A4DFAF}.Release|x64.Build.0 = Release|x64
		{2E7976DC-3027-41FB-9323-819635A4DFAF}.Release|ARM64.ActiveCfg = Release|ARM64
		{2E7976DC-3027-41FB-9323-819635A4DFAF}.Release|ARM64.Build.0 = Release|ARM64
	EndGlobalSection
	GlobalSection(SolutionProperties) = preSolution
		HideSolutionNode = FALSE
	EndGlobalSection
	GlobalSection(ExtensibilityGlobals) = postSolution
		SolutionGuid = {37F9F629-900A-42E0-8840-CB99271EF989}
	EndGlobalSection
EndGlobal
