
Microsoft Visual Studio Solution File, Format Version 12.00
# Visual Studio Version 16
VisualStudioVersion = 16.0.30114.105
MinimumVisualStudioVersion = 10.0.40219.1
Project("{FAE04EC0-301F-11D3-BF4B-00C04F79EFBC}") = "LuaInstaller", "LuaInstaller\LuaInstaller.csproj", "{6E44941C-E8A5-4D4E-973E-DB4DF1A5E067}"
EndProject
Project("{FAE04EC0-301F-11D3-BF4B-00C04F79EFBC}") = "LuaInstaller.Console", "LuaInstaller.Console\LuaInstaller.Console.csproj", "{B4D9A163-9B06-4772-94E4-2E951DA21569}"
EndProject
Project("{FAE04EC0-301F-11D3-BF4B-00C04F79EFBC}") = "LuaInstaller.Core", "LuaInstaller.Core\LuaInstaller.Core.csproj", "{2E7976DC-3027-41FB-9323-819635A4DFAF}"
EndProject
Global
	GlobalSection(SolutionConfigurationPlatforms) = preSolution
		Debug|Any CPU = Debug|Any CPU
		Release|Any CPU = Release|Any CPU
	EndGlobalSection
	GlobalSection(SolutionProperties) = preSolution
		HideSolutionNode = FALSE
	EndGlobalSection
	GlobalSection(ProjectConfigurationPlatforms) = postSolution
		{6E44941C-E8A5-4D4E-973E-DB4DF1A5E067}.Debug|Any CPU.ActiveCfg = Debug|Any CPU
		{6E44941C-E8A5-4D4E-973E-DB4DF1A5E067}.Debug|Any CPU.Build.0 = Debug|Any CPU
		{6E44941C-E8A5-4D4E-973E-DB4DF1A5E067}.Release|Any CPU.ActiveCfg = Release|Any CPU
		{6E44941C-E8A5-4D4E-973E-DB4DF1A5E067}.Release|Any CPU.Build.0 = Release|Any CPU
		{B4D9A163-9B06-4772-94E4-2E951DA21569}.Debug|Any CPU.ActiveCfg = Debug|Any CPU
		{B4D9A163-9B06-4772-94E4-2E951DA21569}.Debug|Any CPU.Build.0 = Debug|Any CPU
		{B4D9A163-9B06-4772-94E4-2E951DA21569}.Release|Any CPU.ActiveCfg = Release|Any CPU
		{B4D9A163-9B06-4772-94E4-2E951DA21569}.Release|Any CPU.Build.0 = Release|Any CPU
		{2E7976DC-3027-41FB-9323-819635A4DFAF}.Debug|Any CPU.ActiveCfg = Debug|Any CPU
		{2E7976DC-3027-41FB-9323-819635A4DFAF}.Debug|Any CPU.Build.0 = Debug|Any CPU
		{2E7976DC-3027-41FB-9323-819635A4DFAF}.Release|Any CPU.ActiveCfg = Release|Any CPU
		{2E7976DC-3027-41FB-9323-819635A4DFAF}.Release|Any CPU.Build.0 = Release|Any CPU
	EndGlobalSection
EndGlobal
